
Microsoft Visual Studio Solution File, Format Version 12.00
# Visual Studio Version 16
VisualStudioVersion = 16.0.29509.3
MinimumVisualStudioVersion = 10.0.40219.1
Project("{9A19103F-16F7-4668-BE54-9A1E7A4F7556}") = "Aviationexam.LmsApiSample", "AviationexamLmsApiSample\Aviationexam.LmsApiSample.csproj", "{A2428B5C-2309-4C63-A3D9-C52FFB6B402F}"
EndProject
Global
	GlobalSection(SolutionConfigurationPlatforms) = preSolution
		Debug|Any CPU = Debug|Any CPU
		Release|Any CPU = Release|Any CPU
	EndGlobalSection
	GlobalSection(ProjectConfigurationPlatforms) = postSolution
		{A2428B5C-2309-4C63-A3D9-C52FFB6B402F}.Debug|Any CPU.ActiveCfg = Debug|Any CPU
		{A2428B5C-2309-4C63-A3D9-C52FFB6B402F}.Debug|Any CPU.Build.0 = Debug|Any CPU
		{A2428B5C-2309-4C63-A3D9-C52FFB6B402F}.Release|Any CPU.ActiveCfg = Release|Any CPU
		{A2428B5C-2309-4C63-A3D9-C52FFB6B402F}.Release|Any CPU.Build.0 = Release|Any CPU
	EndGlobalSection
	GlobalSection(SolutionProperties) = preSolution
		HideSolutionNode = FALSE
	EndGlobalSection
	GlobalSection(ExtensibilityGlobals) = postSolution
		SolutionGuid = {738CBCA2-0CEF-436F-B786-C301BE81B5B4}
	EndGlobalSection
EndGlobal
